
Microsoft Visual Studio Solution File, Format Version 12.00
# Visual Studio Version 16
VisualStudioVersion = 16.0.36227.6
MinimumVisualStudioVersion = 10.0.40219.1
Project("{FAE04EC0-301F-11D3-BF4B-00C04F79EFBC}") = "MyAppointment", "MyAppointment.csproj", "{B91D1C8E-730E-4A49-BB93-65F80AF26C22}"
EndProject
Global
	GlobalSection(SolutionConfigurationPlatforms) = preSolution
		Debug|Any CPU = Debug|Any CPU
		Release|Any CPU = Release|Any CPU
	EndGlobalSection
	GlobalSection(ProjectConfigurationPlatforms) = postSolution
		{B91D1C8E-730E-4A49-BB93-65F80AF26C22}.Debug|Any CPU.ActiveCfg = Debug|Any CPU
		{B91D1C8E-730E-4A49-BB93-65F80AF26C22}.Debug|Any CPU.Build.0 = Debug|Any CPU
		{B91D1C8E-730E-4A49-BB93-65F80AF26C22}.Release|Any CPU.ActiveCfg = Release|Any CPU
		{B91D1C8E-730E-4A49-BB93-65F80AF26C22}.Release|Any CPU.Build.0 = Release|Any CPU
	EndGlobalSection
	GlobalSection(SolutionProperties) = preSolution
		HideSolutionNode = FALSE
	EndGlobalSection
	GlobalSection(ExtensibilityGlobals) = postSolution
		SolutionGuid = {ABFD9025-84C0-41BD-BD72-1CC0A6250351}
	EndGlobalSection
EndGlobal
